
Microsoft Visual Studio Solution File, Format Version 12.00
# Visual Studio Version 16
VisualStudioVersion = 16.0.29503.13
MinimumVisualStudioVersion = 10.0.40219.1
Project("{FAE04EC0-301F-11D3-BF4B-00C04F79EFBC}") = "MangedHostpital", "MangedHostpital\MangedHostpital.csproj", "{141367A5-5425-43ED-A8DA-C0E80894743B}"
EndProject
Project("{FAE04EC0-301F-11D3-BF4B-00C04F79EFBC}") = "ManageHospitalData", "ManageHospitalData\ManageHospitalData.csproj", "{C3DDD018-D94E-410F-802C-61E9C566C58B}"
EndProject
Global
	GlobalSection(SolutionConfigurationPlatforms) = preSolution
		Debug|Any CPU = Debug|Any CPU
		Release|Any CPU = Release|Any CPU
	EndGlobalSection
	GlobalSection(ProjectConfigurationPlatforms) = postSolution
		{141367A5-5425-43ED-A8DA-C0E80894743B}.Debug|Any CPU.ActiveCfg = Debug|Any CPU
		{141367A5-5425-43ED-A8DA-C0E80894743B}.Debug|Any CPU.Build.0 = Debug|Any CPU
		{141367A5-5425-43ED-A8DA-C0E80894743B}.Release|Any CPU.ActiveCfg = Release|Any CPU
		{141367A5-5425-43ED-A8DA-C0E80894743B}.Release|Any CPU.Build.0 = Release|Any CPU
		{C3DDD018-D94E-410F-802C-61E9C566C58B}.Debug|Any CPU.ActiveCfg = Debug|Any CPU
		{C3DDD018-D94E-410F-802C-61E9C566C58B}.Debug|Any CPU.Build.0 = Debug|Any CPU
		{C3DDD018-D94E-410F-802C-61E9C566C58B}.Release|Any CPU.ActiveCfg = Release|Any CPU
		{C3DDD018-D94E-410F-802C-61E9C566C58B}.Release|Any CPU.Build.0 = Release|Any CPU
	EndGlobalSection
	GlobalSection(SolutionProperties) = preSolution
		HideSolutionNode = FALSE
	EndGlobalSection
	GlobalSection(ExtensibilityGlobals) = postSolution
		SolutionGuid = {26512D45-FB63-4172-A53B-78A2ECB22846}
	EndGlobalSection
EndGlobal
