
Microsoft Visual Studio Solution File, Format Version 12.00
# Visual Studio Version 16
VisualStudioVersion = 16.0.29503.13
MinimumVisualStudioVersion = 10.0.40219.1
Project("{9A19103F-16F7-4668-BE54-9A1E7A4F7556}") = "ManageHospitalData", "ManageHospitalData\ManageHospitalData.csproj", "{C3DDD018-D94E-410F-802C-61E9C566C58B}"
EndProject
Project("{9A19103F-16F7-4668-BE54-9A1E7A4F7556}") = "WebUI", "WebUI\WebUI.csproj", "{7D11ED23-EA6F-47AB-9CC2-01E5A508B946}"
EndProject
Global
	GlobalSection(SolutionConfigurationPlatforms) = preSolution
		Debug|Any CPU = Debug|Any CPU
		Release|Any CPU = Release|Any CPU
	EndGlobalSection
	GlobalSection(ProjectConfigurationPlatforms) = postSolution
		{C3DDD018-D94E-410F-802C-61E9C566C58B}.Debug|Any CPU.ActiveCfg = Debug|Any CPU
		{C3DDD018-D94E-410F-802C-61E9C566C58B}.Debug|Any CPU.Build.0 = Debug|Any CPU
		{C3DDD018-D94E-410F-802C-61E9C566C58B}.Release|Any CPU.ActiveCfg = Release|Any CPU
		{C3DDD018-D94E-410F-802C-61E9C566C58B}.Release|Any CPU.Build.0 = Release|Any CPU
		{7D11ED23-EA6F-47AB-9CC2-01E5A508B946}.Debug|Any CPU.ActiveCfg = Debug|Any CPU
		{7D11ED23-EA6F-47AB-9CC2-01E5A508B946}.Debug|Any CPU.Build.0 = Debug|Any CPU
		{7D11ED23-EA6F-47AB-9CC2-01E5A508B946}.Release|Any CPU.ActiveCfg = Release|Any CPU
		{7D11ED23-EA6F-47AB-9CC2-01E5A508B946}.Release|Any CPU.Build.0 = Release|Any CPU
	EndGlobalSection
	GlobalSection(SolutionProperties) = preSolution
		HideSolutionNode = FALSE
	EndGlobalSection
	GlobalSection(ExtensibilityGlobals) = postSolution
		SolutionGuid = {26512D45-FB63-4172-A53B-78A2ECB22846}
	EndGlobalSection
EndGlobal
